
Microsoft Visual Studio Solution File, Format Version 12.00
# Visual Studio Version 17
VisualStudioVersion = 17.14.36203.30 d17.14
MinimumVisualStudioVersion = 10.0.40219.1
Project("{888888A0-9F3D-457C-B088-3A5042F75D52}") = "FileAnalyzor", "FileAnalyzor\FileAnalyzor.pyproj", "{05FD4934-EEE3-476B-BD0F-21533641ACBA}"
EndProject
Global
	GlobalSection(SolutionConfigurationPlatforms) = preSolution
		Debug|Any CPU = Debug|Any CPU
		Release|Any CPU = Release|Any CPU
	EndGlobalSection
	GlobalSection(ProjectConfigurationPlatforms) = postSolution
		{05FD4934-EEE3-476B-BD0F-21533641ACBA}.Debug|Any CPU.ActiveCfg = Debug|Any CPU
		{05FD4934-EEE3-476B-BD0F-21533641ACBA}.Release|Any CPU.ActiveCfg = Release|Any CPU
	EndGlobalSection
	GlobalSection(SolutionProperties) = preSolution
		HideSolutionNode = FALSE
	EndGlobalSection
	GlobalSection(ExtensibilityGlobals) = postSolution
		SolutionGuid = {53F346D0-AC33-4384-8391-05B9A085C953}
	EndGlobalSection
EndGlobal
