
Microsoft Visual Studio Solution File, Format Version 12.00
# Visual Studio Version 17
VisualStudioVersion = 17.14.36203.30 d17.14
MinimumVisualStudioVersion = 10.0.40219.1
Project("{888888A0-9F3D-457C-B088-3A5042F75D52}") = "AI project", "AI project\AI project.pyproj", "{6C85A473-7950-4CD5-A64B-CBFBC7ED06EA}"
EndProject
Global
	GlobalSection(SolutionConfigurationPlatforms) = preSolution
		Debug|Any CPU = Debug|Any CPU
		Release|Any CPU = Release|Any CPU
	EndGlobalSection
	GlobalSection(ProjectConfigurationPlatforms) = postSolution
		{6C85A473-7950-4CD5-A64B-CBFBC7ED06EA}.Debug|Any CPU.ActiveCfg = Debug|Any CPU
		{6C85A473-7950-4CD5-A64B-CBFBC7ED06EA}.Release|Any CPU.ActiveCfg = Release|Any CPU
	EndGlobalSection
	GlobalSection(SolutionProperties) = preSolution
		HideSolutionNode = FALSE
	EndGlobalSection
	GlobalSection(ExtensibilityGlobals) = postSolution
		SolutionGuid = {1663BBAA-727D-4023-A6DA-C59CD086D887}
	EndGlobalSection
EndGlobal
