
Microsoft Visual Studio Solution File, Format Version 12.00
# Visual Studio Version 17
VisualStudioVersion = 17.14.36203.30 d17.14
MinimumVisualStudioVersion = 10.0.40219.1
Project("{888888A0-9F3D-457C-B088-3A5042F75D52}") = "grep", "grep\grep.pyproj", "{C40ACFA5-311C-4C62-8938-4F436F551E5A}"
EndProject
Global
	GlobalSection(SolutionConfigurationPlatforms) = preSolution
		Debug|Any CPU = Debug|Any CPU
		Release|Any CPU = Release|Any CPU
	EndGlobalSection
	GlobalSection(ProjectConfigurationPlatforms) = postSolution
		{C40ACFA5-311C-4C62-8938-4F436F551E5A}.Debug|Any CPU.ActiveCfg = Debug|Any CPU
		{C40ACFA5-311C-4C62-8938-4F436F551E5A}.Release|Any CPU.ActiveCfg = Release|Any CPU
	EndGlobalSection
	GlobalSection(SolutionProperties) = preSolution
		HideSolutionNode = FALSE
	EndGlobalSection
	GlobalSection(ExtensibilityGlobals) = postSolution
		SolutionGuid = {118CF705-6D71-4601-A5A4-C02AD47E6382}
	EndGlobalSection
EndGlobal
