
Microsoft Visual Studio Solution File, Format Version 12.00
# Visual Studio Version 17
VisualStudioVersion = 17.14.36203.30 d17.14
MinimumVisualStudioVersion = 10.0.40219.1
Project("{888888A0-9F3D-457C-B088-3A5042F75D52}") = "PyFest teacher", "PyFest teacher\PyFest teacher.pyproj", "{4C7D321B-93F6-47A5-B2F2-C3F003CBB1BA}"
EndProject
Global
	GlobalSection(SolutionConfigurationPlatforms) = preSolution
		Debug|Any CPU = Debug|Any CPU
		Release|Any CPU = Release|Any CPU
	EndGlobalSection
	GlobalSection(ProjectConfigurationPlatforms) = postSolution
		{4C7D321B-93F6-47A5-B2F2-C3F003CBB1BA}.Debug|Any CPU.ActiveCfg = Debug|Any CPU
		{4C7D321B-93F6-47A5-B2F2-C3F003CBB1BA}.Release|Any CPU.ActiveCfg = Release|Any CPU
	EndGlobalSection
	GlobalSection(SolutionProperties) = preSolution
		HideSolutionNode = FALSE
	EndGlobalSection
	GlobalSection(ExtensibilityGlobals) = postSolution
		SolutionGuid = {36436F99-50D6-4B1B-B168-284F7790B493}
	EndGlobalSection
EndGlobal
