
Microsoft Visual Studio Solution File, Format Version 12.00
# Visual Studio Version 17
VisualStudioVersion = 17.14.36203.30 d17.14
MinimumVisualStudioVersion = 10.0.40219.1
Project("{888888A0-9F3D-457C-B088-3A5042F75D52}") = "fileparse", "fileparse\fileparse.pyproj", "{DFE42616-547A-4D8A-B679-6CB7DFE69D4B}"
EndProject
Global
	GlobalSection(SolutionConfigurationPlatforms) = preSolution
		Debug|Any CPU = Debug|Any CPU
		Release|Any CPU = Release|Any CPU
	EndGlobalSection
	GlobalSection(ProjectConfigurationPlatforms) = postSolution
		{DFE42616-547A-4D8A-B679-6CB7DFE69D4B}.Debug|Any CPU.ActiveCfg = Debug|Any CPU
		{DFE42616-547A-4D8A-B679-6CB7DFE69D4B}.Release|Any CPU.ActiveCfg = Release|Any CPU
	EndGlobalSection
	GlobalSection(SolutionProperties) = preSolution
		HideSolutionNode = FALSE
	EndGlobalSection
	GlobalSection(ExtensibilityGlobals) = postSolution
		SolutionGuid = {4A180055-327F-46B4-92C0-73C4799C3385}
	EndGlobalSection
EndGlobal
