
Microsoft Visual Studio Solution File, Format Version 12.00
# Visual Studio Version 17
VisualStudioVersion = 17.14.36203.30 d17.14
MinimumVisualStudioVersion = 10.0.40219.1
Project("{888888A0-9F3D-457C-B088-3A5042F75D52}") = "pyFest", "pyFest\pyFest.pyproj", "{28BF3503-A372-4A73-9B15-7F0A1866F03B}"
EndProject
Global
	GlobalSection(SolutionConfigurationPlatforms) = preSolution
		Debug|Any CPU = Debug|Any CPU
		Release|Any CPU = Release|Any CPU
	EndGlobalSection
	GlobalSection(ProjectConfigurationPlatforms) = postSolution
		{28BF3503-A372-4A73-9B15-7F0A1866F03B}.Debug|Any CPU.ActiveCfg = Debug|Any CPU
		{28BF3503-A372-4A73-9B15-7F0A1866F03B}.Release|Any CPU.ActiveCfg = Release|Any CPU
	EndGlobalSection
	GlobalSection(SolutionProperties) = preSolution
		HideSolutionNode = FALSE
	EndGlobalSection
	GlobalSection(ExtensibilityGlobals) = postSolution
		SolutionGuid = {B4B28ED7-158B-4065-B1C8-33BB546B09A7}
	EndGlobalSection
EndGlobal
